// !$*UTF8*$!
{
	archiveVersion = 1;
	classes = {
	};
	objectVersion = 46;
	objects = {

/* Begin PBXBuildFile section */
		039843FA165A5ED4004FD6CD /* UIKit.framework in Frameworks */ = {isa = PBXBuildFile; fileRef = 039843F9165A5ED4004FD6CD /* UIKit.framework */; };
		039843FC165A5ED4004FD6CD /* Foundation.framework in Frameworks */ = {isa = PBXBuildFile; fileRef = 039843FB165A5ED4004FD6CD /* Foundation.framework */; };
		039843FE165A5ED4004FD6CD /* CoreGraphics.framework in Frameworks */ = {isa = PBXBuildFile; fileRef = 039843FD165A5ED4004FD6CD /* CoreGraphics.framework */; };
		03984404165A5ED4004FD6CD /* InfoPlist.strings in Resources */ = {isa = PBXBuildFile; fileRef = 03984402165A5ED4004FD6CD /* InfoPlist.strings */; };
		03984406165A5ED4004FD6CD /* main.m in Sources */ = {isa = PBXBuildFile; fileRef = 03984405165A5ED4004FD6CD /* main.m */; };
		0398440A165A5ED4004FD6CD /* AppDelegate.m in Sources */ = {isa = PBXBuildFile; fileRef = 03984409165A5ED4004FD6CD /* AppDelegate.m */; };
		0398440C165A5ED4004FD6CD /* Default.png in Resources */ = {isa = PBXBuildFile; fileRef = 0398440B165A5ED4004FD6CD /* Default.png */; };
		0398440E165A5ED4004FD6CD /* Default@2x.png in Resources */ = {isa = PBXBuildFile; fileRef = 0398440D165A5ED4004FD6CD /* Default@2x.png */; };
		03984410165A5ED4004FD6CD /* Default-568h@2x.png in Resources */ = {isa = PBXBuildFile; fileRef = 0398440F165A5ED4004FD6CD /* Default-568h@2x.png */; };
		03984418165A5F36004FD6CD /* RootViewController.m in Sources */ = {isa = PBXBuildFile; fileRef = 03984417165A5F36004FD6CD /* RootViewController.m */; };
		03984470165B61D2004FD6CD /* JLHTTPFormEncodedRequest.m in Sources */ = {isa = PBXBuildFile; fileRef = 03984467165B61D2004FD6CD /* JLHTTPFormEncodedRequest.m */; };
		03984471165B61D2004FD6CD /* JLHTTPGETRequest.m in Sources */ = {isa = PBXBuildFile; fileRef = 03984469165B61D2004FD6CD /* JLHTTPGETRequest.m */; };
		03984472165B61D2004FD6CD /* JLHTTPLoader.m in Sources */ = {isa = PBXBuildFile; fileRef = 0398446B165B61D2004FD6CD /* JLHTTPLoader.m */; };
		03984473165B61D2004FD6CD /* JLHTTPRequest.m in Sources */ = {isa = PBXBuildFile; fileRef = 0398446D165B61D2004FD6CD /* JLHTTPRequest.m */; };
		03984474165B61D2004FD6CD /* JLHTTPResponse.m in Sources */ = {isa = PBXBuildFile; fileRef = 0398446F165B61D2004FD6CD /* JLHTTPResponse.m */; };
/* End PBXBuildFile section */

/* Begin PBXFileReference section */
		039843F5165A5ED4004FD6CD /* JLHTTPRequestExample.app */ = {isa = PBXFileReference; explicitFileType = wrapper.application; includeInIndex = 0; path = JLHTTPRequestExample.app; sourceTree = BUILT_PRODUCTS_DIR; };
		039843F9165A5ED4004FD6CD /* UIKit.framework */ = {isa = PBXFileReference; lastKnownFileType = wrapper.framework; name = UIKit.framework; path = System/Library/Frameworks/UIKit.framework; sourceTree = SDKROOT; };
		039843FB165A5ED4004FD6CD /* Foundation.framework */ = {isa = PBXFileReference; lastKnownFileType = wrapper.framework; name = Foundation.framework; path = System/Library/Frameworks/Foundation.framework; sourceTree = SDKROOT; };
		039843FD165A5ED4004FD6CD /* CoreGraphics.framework */ = {isa = PBXFileReference; lastKnownFileType = wrapper.framework; name = CoreGraphics.framework; path = System/Library/Frameworks/CoreGraphics.framework; sourceTree = SDKROOT; };
		03984401165A5ED4004FD6CD /* JLHTTPRequestExample-Info.plist */ = {isa = PBXFileReference; lastKnownFileType = text.plist.xml; path = "JLHTTPRequestExample-Info.plist"; sourceTree = "<group>"; };
		03984403165A5ED4004FD6CD /* en */ = {isa = PBXFileReference; lastKnownFileType = text.plist.strings; name = en; path = en.lproj/InfoPlist.strings; sourceTree = "<group>"; };
		03984405165A5ED4004FD6CD /* main.m */ = {isa = PBXFileReference; lastKnownFileType = sourcecode.c.objc; path = main.m; sourceTree = "<group>"; };
		03984407165A5ED4004FD6CD /* JLHTTPRequestExample-Prefix.pch */ = {isa = PBXFileReference; lastKnownFileType = sourcecode.c.h; path = "JLHTTPRequestExample-Prefix.pch"; sourceTree = "<group>"; };
		03984408165A5ED4004FD6CD /* AppDelegate.h */ = {isa = PBXFileReference; lastKnownFileType = sourcecode.c.h; path = AppDelegate.h; sourceTree = "<group>"; };
		03984409165A5ED4004FD6CD /* AppDelegate.m */ = {isa = PBXFileReference; lastKnownFileType = sourcecode.c.objc; path = AppDelegate.m; sourceTree = "<group>"; };
		0398440B165A5ED4004FD6CD /* Default.png */ = {isa = PBXFileReference; lastKnownFileType = image.png; path = Default.png; sourceTree = "<group>"; };
		0398440D165A5ED4004FD6CD /* Default@2x.png */ = {isa = PBXFileReference; lastKnownFileType = image.png; path = "Default@2x.png"; sourceTree = "<group>"; };
		0398440F165A5ED4004FD6CD /* Default-568h@2x.png */ = {isa = PBXFileReference; lastKnownFileType = image.png; path = "Default-568h@2x.png"; sourceTree = "<group>"; };
		03984416165A5F36004FD6CD /* RootViewController.h */ = {isa = PBXFileReference; fileEncoding = 4; lastKnownFileType = sourcecode.c.h; path = RootViewController.h; sourceTree = "<group>"; };
		03984417165A5F36004FD6CD /* RootViewController.m */ = {isa = PBXFileReference; fileEncoding = 4; lastKnownFileType = sourcecode.c.objc; path = RootViewController.m; sourceTree = "<group>"; };
		03984466165B61D2004FD6CD /* JLHTTPFormEncodedRequest.h */ = {isa = PBXFileReference; fileEncoding = 4; lastKnownFileType = sourcecode.c.h; path = JLHTTPFormEncodedRequest.h; sourceTree = "<group>"; };
		03984467165B61D2004FD6CD /* JLHTTPFormEncodedRequest.m */ = {isa = PBXFileReference; fileEncoding = 4; lastKnownFileType = sourcecode.c.objc; path = JLHTTPFormEncodedRequest.m; sourceTree = "<group>"; };
		03984468165B61D2004FD6CD /* JLHTTPGETRequest.h */ = {isa = PBXFileReference; fileEncoding = 4; lastKnownFileType = sourcecode.c.h; path = JLHTTPGETRequest.h; sourceTree = "<group>"; };
		03984469165B61D2004FD6CD /* JLHTTPGETRequest.m */ = {isa = PBXFileReference; fileEncoding = 4; lastKnownFileType = sourcecode.c.objc; path = JLHTTPGETRequest.m; sourceTree = "<group>"; };
		0398446A165B61D2004FD6CD /* JLHTTPLoader.h */ = {isa = PBXFileReference; fileEncoding = 4; lastKnownFileType = sourcecode.c.h; path = JLHTTPLoader.h; sourceTree = "<group>"; };
		0398446B165B61D2004FD6CD /* JLHTTPLoader.m */ = {isa = PBXFileReference; fileEncoding = 4; lastKnownFileType = sourcecode.c.objc; path = JLHTTPLoader.m; sourceTree = "<group>"; };
		0398446C165B61D2004FD6CD /* JLHTTPRequest.h */ = {isa = PBXFileReference; fileEncoding = 4; lastKnownFileType = sourcecode.c.h; path = JLHTTPRequest.h; sourceTree = "<group>"; };
		0398446D165B61D2004FD6CD /* JLHTTPRequest.m */ = {isa = PBXFileReference; fileEncoding = 4; lastKnownFileType = sourcecode.c.objc; path = JLHTTPRequest.m; sourceTree = "<group>"; };
		0398446E165B61D2004FD6CD /* JLHTTPResponse.h */ = {isa = PBXFileReference; fileEncoding = 4; lastKnownFileType = sourcecode.c.h; path = JLHTTPResponse.h; sourceTree = "<group>"; };
		0398446F165B61D2004FD6CD /* JLHTTPResponse.m */ = {isa = PBXFileReference; fileEncoding = 4; lastKnownFileType = sourcecode.c.objc; path = JLHTTPResponse.m; sourceTree = "<group>"; };
/* End PBXFileReference section */

/* Begin PBXFrameworksBuildPhase section */
		039843F2165A5ED4004FD6CD /* Frameworks */ = {
			isa = PBXFrameworksBuildPhase;
			buildActionMask = 2147483647;
			files = (
				039843FA165A5ED4004FD6CD /* UIKit.framework in Frameworks */,
				039843FC165A5ED4004FD6CD /* Foundation.framework in Frameworks */,
				039843FE165A5ED4004FD6CD /* CoreGraphics.framework in Frameworks */,
			);
			runOnlyForDeploymentPostprocessing = 0;
		};
/* End PBXFrameworksBuildPhase section */

/* Begin PBXGroup section */
		039843EA165A5ED4004FD6CD = {
			isa = PBXGroup;
			children = (
				039843FF165A5ED4004FD6CD /* JLHTTPRequestExample */,
				039843F8165A5ED4004FD6CD /* Frameworks */,
				039843F6165A5ED4004FD6CD /* Products */,
			);
			sourceTree = "<group>";
		};
		039843F6165A5ED4004FD6CD /* Products */ = {
			isa = PBXGroup;
			children = (
				039843F5165A5ED4004FD6CD /* JLHTTPRequestExample.app */,
			);
			name = Products;
			sourceTree = "<group>";
		};
		039843F8165A5ED4004FD6CD /* Frameworks */ = {
			isa = PBXGroup;
			children = (
				039843F9165A5ED4004FD6CD /* UIKit.framework */,
				039843FB165A5ED4004FD6CD /* Foundation.framework */,
				039843FD165A5ED4004FD6CD /* CoreGraphics.framework */,
			);
			name = Frameworks;
			sourceTree = "<group>";
		};
		039843FF165A5ED4004FD6CD /* JLHTTPRequestExample */ = {
			isa = PBXGroup;
			children = (
				03984408165A5ED4004FD6CD /* AppDelegate.h */,
				03984409165A5ED4004FD6CD /* AppDelegate.m */,
				03984416165A5F36004FD6CD /* RootViewController.h */,
				03984417165A5F36004FD6CD /* RootViewController.m */,
				03984465165B61D2004FD6CD /* JLHTTPRequest */,
				03984400165A5ED4004FD6CD /* Supporting Files */,
			);
			path = JLHTTPRequestExample;
			sourceTree = "<group>";
		};
		03984400165A5ED4004FD6CD /* Supporting Files */ = {
			isa = PBXGroup;
			children = (
				03984401165A5ED4004FD6CD /* JLHTTPRequestExample-Info.plist */,
				03984402165A5ED4004FD6CD /* InfoPlist.strings */,
				03984405165A5ED4004FD6CD /* main.m */,
				03984407165A5ED4004FD6CD /* JLHTTPRequestExample-Prefix.pch */,
				0398440B165A5ED4004FD6CD /* Default.png */,
				0398440D165A5ED4004FD6CD /* Default@2x.png */,
				0398440F165A5ED4004FD6CD /* Default-568h@2x.png */,
			);
			name = "Supporting Files";
			sourceTree = "<group>";
		};
		03984465165B61D2004FD6CD /* JLHTTPRequest */ = {
			isa = PBXGroup;
			children = (
				03984466165B61D2004FD6CD /* JLHTTPFormEncodedRequest.h */,
				03984467165B61D2004FD6CD /* JLHTTPFormEncodedRequest.m */,
				03984468165B61D2004FD6CD /* JLHTTPGETRequest.h */,
				03984469165B61D2004FD6CD /* JLHTTPGETRequest.m */,
				0398446A165B61D2004FD6CD /* JLHTTPLoader.h */,
				0398446B165B61D2004FD6CD /* JLHTTPLoader.m */,
				0398446C165B61D2004FD6CD /* JLHTTPRequest.h */,
				0398446D165B61D2004FD6CD /* JLHTTPRequest.m */,
				0398446E165B61D2004FD6CD /* JLHTTPResponse.h */,
				0398446F165B61D2004FD6CD /* JLHTTPResponse.m */,
			);
			name = JLHTTPRequest;
			path = ../../JLHTTPRequest/JLHTTPRequest/JLHTTPRequest;
			sourceTree = "<group>";
		};
/* End PBXGroup section */

/* Begin PBXNativeTarget section */
		039843F4165A5ED4004FD6CD /* JLHTTPRequestExample */ = {
			isa = PBXNativeTarget;
			buildConfigurationList = 03984413165A5ED4004FD6CD /* Build configuration list for PBXNativeTarget "JLHTTPRequestExample" */;
			buildPhases = (
				039843F1165A5ED4004FD6CD /* Sources */,
				039843F2165A5ED4004FD6CD /* Frameworks */,
				039843F3165A5ED4004FD6CD /* Resources */,
			);
			buildRules = (
			);
			dependencies = (
			);
			name = JLHTTPRequestExample;
			productName = JLHTTPRequestExample;
			productReference = 039843F5165A5ED4004FD6CD /* JLHTTPRequestExample.app */;
			productType = "com.apple.product-type.application";
		};
/* End PBXNativeTarget section */

/* Begin PBXProject section */
		039843EC165A5ED4004FD6CD /* Project object */ = {
			isa = PBXProject;
			attributes = {
				LastUpgradeCheck = 0450;
				ORGANIZATIONNAME = Joyfl;
			};
			buildConfigurationList = 039843EF165A5ED4004FD6CD /* Build configuration list for PBXProject "JLHTTPRequestExample" */;
			compatibilityVersion = "Xcode 3.2";
			developmentRegion = English;
			hasScannedForEncodings = 0;
			knownRegions = (
				en,
			);
			mainGroup = 039843EA165A5ED4004FD6CD;
			productRefGroup = 039843F6165A5ED4004FD6CD /* Products */;
			projectDirPath = "";
			projectRoot = "";
			targets = (
				039843F4165A5ED4004FD6CD /* JLHTTPRequestExample */,
			);
		};
/* End PBXProject section */

/* Begin PBXResourcesBuildPhase section */
		039843F3165A5ED4004FD6CD /* Resources */ = {
			isa = PBXResourcesBuildPhase;
			buildActionMask = 2147483647;
			files = (
				03984404165A5ED4004FD6CD /* InfoPlist.strings in Resources */,
				0398440C165A5ED4004FD6CD /* Default.png in Resources */,
				0398440E165A5ED4004FD6CD /* Default@2x.png in Resources */,
				03984410165A5ED4004FD6CD /* Default-568h@2x.png in Resources */,
			);
			runOnlyForDeploymentPostprocessing = 0;
		};
/* End PBXResourcesBuildPhase section */

/* Begin PBXSourcesBuildPhase section */
		039843F1165A5ED4004FD6CD /* Sources */ = {
			isa = PBXSourcesBuildPhase;
			buildActionMask = 2147483647;
			files = (
				03984406165A5ED4004FD6CD /* main.m in Sources */,
				0398440A165A5ED4004FD6CD /* AppDelegate.m in Sources */,
				03984418165A5F36004FD6CD /* RootViewController.m in Sources */,
				03984470165B61D2004FD6CD /* JLHTTPFormEncodedRequest.m in Sources */,
				03984471165B61D2004FD6CD /* JLHTTPGETRequest.m in Sources */,
				03984472165B61D2004FD6CD /* JLHTTPLoader.m in Sources */,
				03984473165B61D2004FD6CD /* JLHTTPRequest.m in Sources */,
				03984474165B61D2004FD6CD /* JLHTTPResponse.m in Sources */,
			);
			runOnlyForDeploymentPostprocessing = 0;
		};
/* End PBXSourcesBuildPhase section */

/* Begin PBXVariantGroup section */
		03984402165A5ED4004FD6CD /* InfoPlist.strings */ = {
			isa = PBXVariantGroup;
			children = (
				03984403165A5ED4004FD6CD /* en */,
			);
			name = InfoPlist.strings;
			sourceTree = "<group>";
		};
/* End PBXVariantGroup section */

/* Begin XCBuildConfiguration section */
		03984411165A5ED4004FD6CD /* Debug */ = {
			isa = XCBuildConfiguration;
			buildSettings = {
				ALWAYS_SEARCH_USER_PATHS = NO;
				CLANG_CXX_LANGUAGE_STANDARD = "gnu++0x";
				CLANG_CXX_LIBRARY = "libc++";
				CLANG_WARN_EMPTY_BODY = YES;
				CLANG_WARN__DUPLICATE_METHOD_MATCH = YES;
				"CODE_SIGN_IDENTITY[sdk=iphoneos*]" = "iPhone Developer";
				COPY_PHASE_STRIP = NO;
				GCC_C_LANGUAGE_STANDARD = gnu99;
				GCC_DYNAMIC_NO_PIC = NO;
				GCC_OPTIMIZATION_LEVEL = 0;
				GCC_PREPROCESSOR_DEFINITIONS = (
					"DEBUG=1",
					"$(inherited)",
				);
				GCC_SYMBOLS_PRIVATE_EXTERN = NO;
				GCC_WARN_ABOUT_RETURN_TYPE = YES;
				GCC_WARN_UNINITIALIZED_AUTOS = YES;
				GCC_WARN_UNUSED_VARIABLE = YES;
				IPHONEOS_DEPLOYMENT_TARGET = 6.0;
				ONLY_ACTIVE_ARCH = YES;
				SDKROOT = iphoneos;
			};
			name = Debug;
		};
		03984412165A5ED4004FD6CD /* Release */ = {
			isa = XCBuildConfiguration;
			buildSettings = {
				ALWAYS_SEARCH_USER_PATHS = NO;
				CLANG_CXX_LANGUAGE_STANDARD = "gnu++0x";
				CLANG_CXX_LIBRARY = "libc++";
				CLANG_WARN_EMPTY_BODY = YES;
				CLANG_WARN__DUPLICATE_METHOD_MATCH = YES;
				"CODE_SIGN_IDENTITY[sdk=iphoneos*]" = "iPhone Developer";
				COPY_PHASE_STRIP = YES;
				GCC_C_LANGUAGE_STANDARD = gnu99;
				GCC_WARN_ABOUT_RETURN_TYPE = YES;
				GCC_WARN_UNINITIALIZED_AUTOS = YES;
				GCC_WARN_UNUSED_VARIABLE = YES;
				IPHONEOS_DEPLOYMENT_TARGET = 6.0;
				OTHER_CFLAGS = "-DNS_BLOCK_ASSERTIONS=1";
				SDKROOT = iphoneos;
				VALIDATE_PRODUCT = YES;
			};
			name = Release;
		};
		03984414165A5ED4004FD6CD /* Debug */ = {
			isa = XCBuildConfiguration;
			buildSettings = {
				GCC_PRECOMPILE_PREFIX_HEADER = YES;
				GCC_PREFIX_HEADER = "JLHTTPRequestExample/JLHTTPRequestExample-Prefix.pch";
				INFOPLIST_FILE = "JLHTTPRequestExample/JLHTTPRequestExample-Info.plist";
				PRODUCT_NAME = "$(TARGET_NAME)";
				WRAPPER_EXTENSION = app;
			};
			name = Debug;
		};
		03984415165A5ED4004FD6CD /* Release */ = {
			isa = XCBuildConfiguration;
			buildSettings = {
				GCC_PRECOMPILE_PREFIX_HEADER = YES;
				GCC_PREFIX_HEADER = "JLHTTPRequestExample/JLHTTPRequestExample-Prefix.pch";
				INFOPLIST_FILE = "JLHTTPRequestExample/JLHTTPRequestExample-Info.plist";
				PRODUCT_NAME = "$(TARGET_NAME)";
				WRAPPER_EXTENSION = app;
			};
			name = Release;
		};
/* End XCBuildConfiguration section */

/* Begin XCConfigurationList section */
		039843EF165A5ED4004FD6CD /* Build configuration list for PBXProject "JLHTTPRequestExample" */ = {
			isa = XCConfigurationList;
			buildConfigurations = (
				03984411165A5ED4004FD6CD /* Debug */,
				03984412165A5ED4004FD6CD /* Release */,
			);
			defaultConfigurationIsVisible = 0;
			defaultConfigurationName = Release;
		};
		03984413165A5ED4004FD6CD /* Build configuration list for PBXNativeTarget "JLHTTPRequestExample" */ = {
			isa = XCConfigurationList;
			buildConfigurations = (
				03984414165A5ED4004FD6CD /* Debug */,
				03984415165A5ED4004FD6CD /* Release */,
			);
			defaultConfigurationIsVisible = 0;
		};
/* End XCConfigurationList section */
	};
	rootObject = 039843EC165A5ED4004FD6CD /* Project object */;
}
